{
  "originHash" : "9a90fd6b751db9d872f6d8fec0f562188d05fff2207aaee414e5b69e095576f9",
  "pins" : [
    {
      "identity" : "plaid-link-ios-spm",
      "kind" : "remoteSourceControl",
      "location" : "https://github.com/plaid/plaid-link-ios-spm.git",
      "state" : {
        "revision" : "7ed4db205e208dcf941f4ac32269fc54ebf38f4a",
        "version" : "6.4.0"
      }
    }
  ],
  "version" : 3
}
